
Microsoft Visual Studio Solution File, Format Version 12.00
# Visual Studio Version 17
VisualStudioVersion = 17.0.32126.317
MinimumVisualStudioVersion = 10.0.40219.1
Project("{FAE04EC0-301F-11D3-BF4B-00C04F79EFBC}") = "Data", "src\Data\Data.csproj", "{EB9D6F64-290A-47B2-8245-2FEDD8D216C3}"
EndProject
Project("{FAE04EC0-301F-11D3-BF4B-00C04F79EFBC}") = "Common", "src\Common\Common.csproj", "{EFF2745F-49F1-4E1E-B96B-0E0FD1248C26}"
EndProject
Project("{FAE04EC0-301F-11D3-BF4B-00C04F79EFBC}") = "Domain", "src\Domain\Domain.csproj", "{72364678-95A8-4268-94D9-99053DA769A5}"
EndProject
Global
	GlobalSection(SolutionConfigurationPlatforms) = preSolution
		Debug|Any CPU = Debug|Any CPU
		Release|Any CPU = Release|Any CPU
	EndGlobalSection
	GlobalSection(ProjectConfigurationPlatforms) = postSolution
		{EB9D6F64-290A-47B2-8245-2FEDD8D216C3}.Debug|Any CPU.ActiveCfg = Debug|Any CPU
		{EB9D6F64-290A-47B2-8245-2FEDD8D216C3}.Debug|Any CPU.Build.0 = Debug|Any CPU
		{EB9D6F64-290A-47B2-8245-2FEDD8D216C3}.Release|Any CPU.ActiveCfg = Release|Any CPU
		{EB9D6F64-290A-47B2-8245-2FEDD8D216C3}.Release|Any CPU.Build.0 = Release|Any CPU
		{EFF2745F-49F1-4E1E-B96B-0E0FD1248C26}.Debug|Any CPU.ActiveCfg = Debug|Any CPU
		{EFF2745F-49F1-4E1E-B96B-0E0FD1248C26}.Debug|Any CPU.Build.0 = Debug|Any CPU
		{EFF2745F-49F1-4E1E-B96B-0E0FD1248C26}.Release|Any CPU.ActiveCfg = Release|Any CPU
		{EFF2745F-49F1-4E1E-B96B-0E0FD1248C26}.Release|Any CPU.Build.0 = Release|Any CPU
		{72364678-95A8-4268-94D9-99053DA769A5}.Debug|Any CPU.ActiveCfg = Debug|Any CPU
		{72364678-95A8-4268-94D9-99053DA769A5}.Debug|Any CPU.Build.0 = Debug|Any CPU
		{72364678-95A8-4268-94D9-99053DA769A5}.Release|Any CPU.ActiveCfg = Release|Any CPU
		{72364678-95A8-4268-94D9-99053DA769A5}.Release|Any CPU.Build.0 = Release|Any CPU
	EndGlobalSection
	GlobalSection(SolutionProperties) = preSolution
		HideSolutionNode = FALSE
	EndGlobalSection
	GlobalSection(ExtensibilityGlobals) = postSolution
		SolutionGuid = {3726CB04-A395-4576-B13C-1DF7CE7DCE9A}
	EndGlobalSection
EndGlobal
