
Microsoft Visual Studio Solution File, Format Version 12.00
# Visual Studio Version 17
VisualStudioVersion = 17.0.32126.317
MinimumVisualStudioVersion = 10.0.40219.1
Project("{9A19103F-16F7-4668-BE54-9A1E7A4F7556}") = "Data", "src\Data\Data.csproj", "{EB9D6F64-290A-47B2-8245-2FEDD8D216C3}"
EndProject
Project("{9A19103F-16F7-4668-BE54-9A1E7A4F7556}") = "Common", "src\Common\Common.csproj", "{EFF2745F-49F1-4E1E-B96B-0E0FD1248C26}"
EndProject
Project("{9A19103F-16F7-4668-BE54-9A1E7A4F7556}") = "Domain", "src\Domain\Domain.csproj", "{72364678-95A8-4268-94D9-99053DA769A5}"
EndProject
Project("{9A19103F-16F7-4668-BE54-9A1E7A4F7556}") = "Api", "src\Api\Api.csproj", "{9A70F078-FC39-4188-96CF-087D95683B9A}"
EndProject
Project("{9A19103F-16F7-4668-BE54-9A1E7A4F7556}") = "Core", "src\Core\Core.csproj", "{0FE0BA97-1B94-4597-AA41-C42660857AE6}"
EndProject
Project("{2150E333-8FDC-42A3-9474-1A3956D46DE8}") = "Infrastructure", "Infrastructure", "{2270CDA8-FE14-452C-9CBA-0E6DB72EE0F1}"
	ProjectSection(SolutionItems) = preProject
		docker-compose.yml = docker-compose.yml
		Dockerfile = Dockerfile
	EndProjectSection
EndProject
Global
	GlobalSection(SolutionConfigurationPlatforms) = preSolution
		Debug|Any CPU = Debug|Any CPU
		Release|Any CPU = Release|Any CPU
	EndGlobalSection
	GlobalSection(ProjectConfigurationPlatforms) = postSolution
		{EB9D6F64-290A-47B2-8245-2FEDD8D216C3}.Debug|Any CPU.ActiveCfg = Debug|Any CPU
		{EB9D6F64-290A-47B2-8245-2FEDD8D216C3}.Debug|Any CPU.Build.0 = Debug|Any CPU
		{EB9D6F64-290A-47B2-8245-2FEDD8D216C3}.Release|Any CPU.ActiveCfg = Release|Any CPU
		{EB9D6F64-290A-47B2-8245-2FEDD8D216C3}.Release|Any CPU.Build.0 = Release|Any CPU
		{EFF2745F-49F1-4E1E-B96B-0E0FD1248C26}.Debug|Any CPU.ActiveCfg = Debug|Any CPU
		{EFF2745F-49F1-4E1E-B96B-0E0FD1248C26}.Debug|Any CPU.Build.0 = Debug|Any CPU
		{EFF2745F-49F1-4E1E-B96B-0E0FD1248C26}.Release|Any CPU.ActiveCfg = Release|Any CPU
		{EFF2745F-49F1-4E1E-B96B-0E0FD1248C26}.Release|Any CPU.Build.0 = Release|Any CPU
		{72364678-95A8-4268-94D9-99053DA769A5}.Debug|Any CPU.ActiveCfg = Debug|Any CPU
		{72364678-95A8-4268-94D9-99053DA769A5}.Debug|Any CPU.Build.0 = Debug|Any CPU
		{72364678-95A8-4268-94D9-99053DA769A5}.Release|Any CPU.ActiveCfg = Release|Any CPU
		{72364678-95A8-4268-94D9-99053DA769A5}.Release|Any CPU.Build.0 = Release|Any CPU
		{9A70F078-FC39-4188-96CF-087D95683B9A}.Debug|Any CPU.ActiveCfg = Debug|Any CPU
		{9A70F078-FC39-4188-96CF-087D95683B9A}.Debug|Any CPU.Build.0 = Debug|Any CPU
		{9A70F078-FC39-4188-96CF-087D95683B9A}.Release|Any CPU.ActiveCfg = Release|Any CPU
		{9A70F078-FC39-4188-96CF-087D95683B9A}.Release|Any CPU.Build.0 = Release|Any CPU
		{0FE0BA97-1B94-4597-AA41-C42660857AE6}.Debug|Any CPU.ActiveCfg = Debug|Any CPU
		{0FE0BA97-1B94-4597-AA41-C42660857AE6}.Debug|Any CPU.Build.0 = Debug|Any CPU
		{0FE0BA97-1B94-4597-AA41-C42660857AE6}.Release|Any CPU.ActiveCfg = Release|Any CPU
		{0FE0BA97-1B94-4597-AA41-C42660857AE6}.Release|Any CPU.Build.0 = Release|Any CPU
	EndGlobalSection
	GlobalSection(SolutionProperties) = preSolution
		HideSolutionNode = FALSE
	EndGlobalSection
	GlobalSection(ExtensibilityGlobals) = postSolution
		SolutionGuid = {3726CB04-A395-4576-B13C-1DF7CE7DCE9A}
	EndGlobalSection
EndGlobal
